// !$*UTF8*$!
{
	archiveVersion = 1;
	classes = {
	};
	objectVersion = 48;
	objects = {

/* Begin PBXBuildFile section */
		CF8D21E021D722FC00C0A72D /* AppDelegate.swift in Sources */ = {isa = PBXBuildFile; fileRef = CF8D21DF21D722FC00C0A72D /* AppDelegate.swift */; };
		CF8D21E221D722FC00C0A72D /* ViewController.swift in Sources */ = {isa = PBXBuildFile; fileRef = CF8D21E121D722FC00C0A72D /* ViewController.swift */; };
		CF8D21E421D722FE00C0A72D /* Assets.xcassets in Resources */ = {isa = PBXBuildFile; fileRef = CF8D21E321D722FE00C0A72D /* Assets.xcassets */; };
		CF8D21E721D722FE00C0A72D /* Main.storyboard in Resources */ = {isa = PBXBuildFile; fileRef = CF8D21E521D722FE00C0A72D /* Main.storyboard */; };
		CF8D21F021D7232400C0A72D /* getPlist.swift in Sources */ = {isa = PBXBuildFile; fileRef = CF8D21EF21D7232400C0A72D /* getPlist.swift */; };
		CFB08C8221E1BDFE008C5465 /* Readme.md in Resources */ = {isa = PBXBuildFile; fileRef = CFB08C8121E1BDFE008C5465 /* Readme.md */; };
		CFB288FB22D2A77600D229E9 /* setPlist.swift in Sources */ = {isa = PBXBuildFile; fileRef = CFB288FA22D2A77600D229E9 /* setPlist.swift */; };
		CFE1F35723B51A6300B747E1 /* Sparkle.framework in Frameworks */ = {isa = PBXBuildFile; fileRef = CFE1F35623B51A6300B747E1 /* Sparkle.framework */; };
		CFE1F35823B51A6300B747E1 /* Sparkle.framework in Embed Frameworks */ = {isa = PBXBuildFile; fileRef = CFE1F35623B51A6300B747E1 /* Sparkle.framework */; settings = {ATTRIBUTES = (CodeSignOnCopy, RemoveHeadersOnCopy, ); }; };
		CFE1F35A23B51A7000B747E1 /* Sparkle.framework.dSYM in Resources */ = {isa = PBXBuildFile; fileRef = CFE1F35923B51A7000B747E1 /* Sparkle.framework.dSYM */; };
/* End PBXBuildFile section */

/* Begin PBXCopyFilesBuildPhase section */
		CFE1F35223B51A0900B747E1 /* Embed Frameworks */ = {
			isa = PBXCopyFilesBuildPhase;
			buildActionMask = 2147483647;
			dstPath = "";
			dstSubfolderSpec = 10;
			files = (
				CFE1F35823B51A6300B747E1 /* Sparkle.framework in Embed Frameworks */,
			);
			name = "Embed Frameworks";
			runOnlyForDeploymentPostprocessing = 0;
		};
/* End PBXCopyFilesBuildPhase section */

/* Begin PBXFileReference section */
		CF8D21DC21D722FC00C0A72D /* AGPMInjector.app */ = {isa = PBXFileReference; explicitFileType = wrapper.application; includeInIndex = 0; path = AGPMInjector.app; sourceTree = BUILT_PRODUCTS_DIR; };
		CF8D21DF21D722FC00C0A72D /* AppDelegate.swift */ = {isa = PBXFileReference; lastKnownFileType = sourcecode.swift; path = AppDelegate.swift; sourceTree = "<group>"; };
		CF8D21E121D722FC00C0A72D /* ViewController.swift */ = {isa = PBXFileReference; lastKnownFileType = sourcecode.swift; path = ViewController.swift; sourceTree = "<group>"; };
		CF8D21E321D722FE00C0A72D /* Assets.xcassets */ = {isa = PBXFileReference; lastKnownFileType = folder.assetcatalog; path = Assets.xcassets; sourceTree = "<group>"; };
		CF8D21E621D722FE00C0A72D /* Base */ = {isa = PBXFileReference; lastKnownFileType = file.storyboard; name = Base; path = Base.lproj/Main.storyboard; sourceTree = "<group>"; };
		CF8D21E821D722FE00C0A72D /* Info.plist */ = {isa = PBXFileReference; lastKnownFileType = text.plist.xml; path = Info.plist; sourceTree = "<group>"; };
		CF8D21E921D722FE00C0A72D /* AGPMInjector.entitlements */ = {isa = PBXFileReference; lastKnownFileType = text.plist.entitlements; path = AGPMInjector.entitlements; sourceTree = "<group>"; };
		CF8D21EF21D7232400C0A72D /* getPlist.swift */ = {isa = PBXFileReference; lastKnownFileType = sourcecode.swift; path = getPlist.swift; sourceTree = "<group>"; };
		CFB08C8121E1BDFE008C5465 /* Readme.md */ = {isa = PBXFileReference; lastKnownFileType = net.daringfireball.markdown; path = Readme.md; sourceTree = "<group>"; };
		CFB288FA22D2A77600D229E9 /* setPlist.swift */ = {isa = PBXFileReference; lastKnownFileType = sourcecode.swift; path = setPlist.swift; sourceTree = "<group>"; };
		CFE1F35623B51A6300B747E1 /* Sparkle.framework */ = {isa = PBXFileReference; lastKnownFileType = wrapper.framework; name = Sparkle.framework; path = Frameworks/Sparkle.framework; sourceTree = "<group>"; };
		CFE1F35923B51A7000B747E1 /* Sparkle.framework.dSYM */ = {isa = PBXFileReference; lastKnownFileType = wrapper.dsym; name = Sparkle.framework.dSYM; path = Frameworks/Sparkle.framework.dSYM; sourceTree = "<group>"; };
/* End PBXFileReference section */

/* Begin PBXFrameworksBuildPhase section */
		CF8D21D921D722FC00C0A72D /* Frameworks */ = {
			isa = PBXFrameworksBuildPhase;
			buildActionMask = 2147483647;
			files = (
				CFE1F35723B51A6300B747E1 /* Sparkle.framework in Frameworks */,
			);
			runOnlyForDeploymentPostprocessing = 0;
		};
/* End PBXFrameworksBuildPhase section */

/* Begin PBXGroup section */
		7E27EF311689832E4A77CCC9 /* Frameworks */ = {
			isa = PBXGroup;
			children = (
				CFE1F35623B51A6300B747E1 /* Sparkle.framework */,
				CFE1F35923B51A7000B747E1 /* Sparkle.framework.dSYM */,
			);
			name = Frameworks;
			sourceTree = "<group>";
		};
		CF8D21D321D722FC00C0A72D = {
			isa = PBXGroup;
			children = (
				CFB08C8121E1BDFE008C5465 /* Readme.md */,
				CF8D21DE21D722FC00C0A72D /* AGPMInjector */,
				CF8D21DD21D722FC00C0A72D /* Products */,
				7E27EF311689832E4A77CCC9 /* Frameworks */,
			);
			sourceTree = "<group>";
		};
		CF8D21DD21D722FC00C0A72D /* Products */ = {
			isa = PBXGroup;
			children = (
				CF8D21DC21D722FC00C0A72D /* AGPMInjector.app */,
			);
			name = Products;
			sourceTree = "<group>";
		};
		CF8D21DE21D722FC00C0A72D /* AGPMInjector */ = {
			isa = PBXGroup;
			children = (
				CF8D21EF21D7232400C0A72D /* getPlist.swift */,
				CFB288FA22D2A77600D229E9 /* setPlist.swift */,
				CF8D21DF21D722FC00C0A72D /* AppDelegate.swift */,
				CF8D21E121D722FC00C0A72D /* ViewController.swift */,
				CF8D21E321D722FE00C0A72D /* Assets.xcassets */,
				CF8D21E521D722FE00C0A72D /* Main.storyboard */,
				CF8D21E821D722FE00C0A72D /* Info.plist */,
				CF8D21E921D722FE00C0A72D /* AGPMInjector.entitlements */,
			);
			path = AGPMInjector;
			sourceTree = "<group>";
		};
/* End PBXGroup section */

/* Begin PBXNativeTarget section */
		CF8D21DB21D722FC00C0A72D /* AGPMInjector */ = {
			isa = PBXNativeTarget;
			buildConfigurationList = CF8D21EC21D722FE00C0A72D /* Build configuration list for PBXNativeTarget "AGPMInjector" */;
			buildPhases = (
				CF8D21D821D722FC00C0A72D /* Sources */,
				CF8D21D921D722FC00C0A72D /* Frameworks */,
				CF8D21DA21D722FC00C0A72D /* Resources */,
				CFE1F35223B51A0900B747E1 /* Embed Frameworks */,
			);
			buildRules = (
			);
			dependencies = (
			);
			name = AGPMInjector;
			productName = AGPMInjector;
			productReference = CF8D21DC21D722FC00C0A72D /* AGPMInjector.app */;
			productType = "com.apple.product-type.application";
		};
/* End PBXNativeTarget section */

/* Begin PBXProject section */
		CF8D21D421D722FC00C0A72D /* Project object */ = {
			isa = PBXProject;
			attributes = {
				LastSwiftUpdateCheck = 1010;
				LastUpgradeCheck = 1130;
				ORGANIZATIONNAME = Pavo;
				TargetAttributes = {
					CF8D21DB21D722FC00C0A72D = {
						CreatedOnToolsVersion = 10.1;
						ProvisioningStyle = Manual;
						SystemCapabilities = {
							com.apple.Sandbox = {
								enabled = 0;
							};
						};
					};
				};
			};
			buildConfigurationList = CF8D21D721D722FC00C0A72D /* Build configuration list for PBXProject "AGPMInjector" */;
			compatibilityVersion = "Xcode 8.0";
			developmentRegion = en;
			hasScannedForEncodings = 0;
			knownRegions = (
				en,
				Base,
			);
			mainGroup = CF8D21D321D722FC00C0A72D;
			productRefGroup = CF8D21DD21D722FC00C0A72D /* Products */;
			projectDirPath = "";
			projectRoot = "";
			targets = (
				CF8D21DB21D722FC00C0A72D /* AGPMInjector */,
			);
		};
/* End PBXProject section */

/* Begin PBXResourcesBuildPhase section */
		CF8D21DA21D722FC00C0A72D /* Resources */ = {
			isa = PBXResourcesBuildPhase;
			buildActionMask = 2147483647;
			files = (
				CF8D21E421D722FE00C0A72D /* Assets.xcassets in Resources */,
				CF8D21E721D722FE00C0A72D /* Main.storyboard in Resources */,
				CFE1F35A23B51A7000B747E1 /* Sparkle.framework.dSYM in Resources */,
				CFB08C8221E1BDFE008C5465 /* Readme.md in Resources */,
			);
			runOnlyForDeploymentPostprocessing = 0;
		};
/* End PBXResourcesBuildPhase section */

/* Begin PBXSourcesBuildPhase section */
		CF8D21D821D722FC00C0A72D /* Sources */ = {
			isa = PBXSourcesBuildPhase;
			buildActionMask = 2147483647;
			files = (
				CF8D21E221D722FC00C0A72D /* ViewController.swift in Sources */,
				CFB288FB22D2A77600D229E9 /* setPlist.swift in Sources */,
				CF8D21F021D7232400C0A72D /* getPlist.swift in Sources */,
				CF8D21E021D722FC00C0A72D /* AppDelegate.swift in Sources */,
			);
			runOnlyForDeploymentPostprocessing = 0;
		};
/* End PBXSourcesBuildPhase section */

/* Begin PBXVariantGroup section */
		CF8D21E521D722FE00C0A72D /* Main.storyboard */ = {
			isa = PBXVariantGroup;
			children = (
				CF8D21E621D722FE00C0A72D /* Base */,
			);
			name = Main.storyboard;
			sourceTree = "<group>";
		};
/* End PBXVariantGroup section */

/* Begin XCBuildConfiguration section */
		CF8D21EA21D722FE00C0A72D /* Debug */ = {
			isa = XCBuildConfiguration;
			buildSettings = {
				ALWAYS_SEARCH_USER_PATHS = NO;
				CLANG_ANALYZER_NONNULL = YES;
				CLANG_ANALYZER_NUMBER_OBJECT_CONVERSION = YES_AGGRESSIVE;
				CLANG_CXX_LANGUAGE_STANDARD = "gnu++14";
				CLANG_CXX_LIBRARY = "libc++";
				CLANG_ENABLE_MODULES = YES;
				CLANG_ENABLE_OBJC_ARC = YES;
				CLANG_ENABLE_OBJC_WEAK = YES;
				CLANG_WARN_BLOCK_CAPTURE_AUTORELEASING = YES;
				CLANG_WARN_BOOL_CONVERSION = YES;
				CLANG_WARN_COMMA = YES;
				CLANG_WARN_CONSTANT_CONVERSION = YES;
				CLANG_WARN_DEPRECATED_OBJC_IMPLEMENTATIONS = YES;
				CLANG_WARN_DIRECT_OBJC_ISA_USAGE = YES_ERROR;
				CLANG_WARN_DOCUMENTATION_COMMENTS = YES;
				CLANG_WARN_EMPTY_BODY = YES;
				CLANG_WARN_ENUM_CONVERSION = YES;
				CLANG_WARN_INFINITE_RECURSION = YES;
				CLANG_WARN_INT_CONVERSION = YES;
				CLANG_WARN_NON_LITERAL_NULL_CONVERSION = YES;
				CLANG_WARN_OBJC_IMPLICIT_RETAIN_SELF = YES;
				CLANG_WARN_OBJC_LITERAL_CONVERSION = YES;
				CLANG_WARN_OBJC_ROOT_CLASS = YES_ERROR;
				CLANG_WARN_RANGE_LOOP_ANALYSIS = YES;
				CLANG_WARN_STRICT_PROTOTYPES = YES;
				CLANG_WARN_SUSPICIOUS_MOVE = YES;
				CLANG_WARN_UNGUARDED_AVAILABILITY = YES_AGGRESSIVE;
				CLANG_WARN_UNREACHABLE_CODE = YES;
				CLANG_WARN__DUPLICATE_METHOD_MATCH = YES;
				CODE_SIGN_ENTITLEMENTS = AGPMInjector/AGPMInjector.entitlements;
				CODE_SIGN_IDENTITY = "Mac Developer";
				COPY_PHASE_STRIP = NO;
				DEBUG_INFORMATION_FORMAT = dwarf;
				DEVELOPMENT_TEAM = 5DG8PLV54H;
				ENABLE_STRICT_OBJC_MSGSEND = YES;
				ENABLE_TESTABILITY = YES;
				GCC_C_LANGUAGE_STANDARD = gnu11;
				GCC_DYNAMIC_NO_PIC = NO;
				GCC_NO_COMMON_BLOCKS = YES;
				GCC_OPTIMIZATION_LEVEL = 0;
				GCC_PREPROCESSOR_DEFINITIONS = (
					"DEBUG=1",
					"$(inherited)",
				);
				GCC_WARN_64_TO_32_BIT_CONVERSION = YES;
				GCC_WARN_ABOUT_RETURN_TYPE = YES_ERROR;
				GCC_WARN_UNDECLARED_SELECTOR = YES;
				GCC_WARN_UNINITIALIZED_AUTOS = YES_AGGRESSIVE;
				GCC_WARN_UNUSED_FUNCTION = YES;
				GCC_WARN_UNUSED_VARIABLE = YES;
				MACOSX_DEPLOYMENT_TARGET = 10.12;
				MTL_ENABLE_DEBUG_INFO = INCLUDE_SOURCE;
				MTL_FAST_MATH = YES;
				ONLY_ACTIVE_ARCH = YES;
				SDKROOT = macosx;
				SWIFT_ACTIVE_COMPILATION_CONDITIONS = DEBUG;
				SWIFT_OPTIMIZATION_LEVEL = "-Onone";
			};
			name = Debug;
		};
		CF8D21EB21D722FE00C0A72D /* Release */ = {
			isa = XCBuildConfiguration;
			buildSettings = {
				ALWAYS_SEARCH_USER_PATHS = NO;
				CLANG_ANALYZER_NONNULL = YES;
				CLANG_ANALYZER_NUMBER_OBJECT_CONVERSION = YES_AGGRESSIVE;
				CLANG_CXX_LANGUAGE_STANDARD = "gnu++14";
				CLANG_CXX_LIBRARY = "libc++";
				CLANG_ENABLE_MODULES = YES;
				CLANG_ENABLE_OBJC_ARC = YES;
				CLANG_ENABLE_OBJC_WEAK = YES;
				CLANG_WARN_BLOCK_CAPTURE_AUTORELEASING = YES;
				CLANG_WARN_BOOL_CONVERSION = YES;
				CLANG_WARN_COMMA = YES;
				CLANG_WARN_CONSTANT_CONVERSION = YES;
				CLANG_WARN_DEPRECATED_OBJC_IMPLEMENTATIONS = YES;
				CLANG_WARN_DIRECT_OBJC_ISA_USAGE = YES_ERROR;
				CLANG_WARN_DOCUMENTATION_COMMENTS = YES;
				CLANG_WARN_EMPTY_BODY = YES;
				CLANG_WARN_ENUM_CONVERSION = YES;
				CLANG_WARN_INFINITE_RECURSION = YES;
				CLANG_WARN_INT_CONVERSION = YES;
				CLANG_WARN_NON_LITERAL_NULL_CONVERSION = YES;
				CLANG_WARN_OBJC_IMPLICIT_RETAIN_SELF = YES;
				CLANG_WARN_OBJC_LITERAL_CONVERSION = YES;
				CLANG_WARN_OBJC_ROOT_CLASS = YES_ERROR;
				CLANG_WARN_RANGE_LOOP_ANALYSIS = YES;
				CLANG_WARN_STRICT_PROTOTYPES = YES;
				CLANG_WARN_SUSPICIOUS_MOVE = YES;
				CLANG_WARN_UNGUARDED_AVAILABILITY = YES_AGGRESSIVE;
				CLANG_WARN_UNREACHABLE_CODE = YES;
				CLANG_WARN__DUPLICATE_METHOD_MATCH = YES;
				CODE_SIGN_ENTITLEMENTS = AGPMInjector/AGPMInjector.entitlements;
				CODE_SIGN_IDENTITY = "Mac Developer";
				COPY_PHASE_STRIP = NO;
				DEBUG_INFORMATION_FORMAT = "dwarf-with-dsym";
				DEVELOPMENT_TEAM = 5DG8PLV54H;
				ENABLE_NS_ASSERTIONS = NO;
				ENABLE_STRICT_OBJC_MSGSEND = YES;
				GCC_C_LANGUAGE_STANDARD = gnu11;
				GCC_NO_COMMON_BLOCKS = YES;
				GCC_WARN_64_TO_32_BIT_CONVERSION = YES;
				GCC_WARN_ABOUT_RETURN_TYPE = YES_ERROR;
				GCC_WARN_UNDECLARED_SELECTOR = YES;
				GCC_WARN_UNINITIALIZED_AUTOS = YES_AGGRESSIVE;
				GCC_WARN_UNUSED_FUNCTION = YES;
				GCC_WARN_UNUSED_VARIABLE = YES;
				MACOSX_DEPLOYMENT_TARGET = 10.12;
				MTL_ENABLE_DEBUG_INFO = NO;
				MTL_FAST_MATH = YES;
				SDKROOT = macosx;
				SWIFT_OPTIMIZATION_LEVEL = "-Owholemodule";
			};
			name = Release;
		};
		CF8D21ED21D722FE00C0A72D /* Debug */ = {
			isa = XCBuildConfiguration;
			buildSettings = {
				ASSETCATALOG_COMPILER_APPICON_NAME = AppIcon;
				CODE_SIGN_ENTITLEMENTS = AGPMInjector/AGPMInjector.entitlements;
				CODE_SIGN_IDENTITY = "Mac Developer";
				CODE_SIGN_INJECT_BASE_ENTITLEMENTS = YES;
				CODE_SIGN_STYLE = Manual;
				COMBINE_HIDPI_IMAGES = YES;
				DEVELOPMENT_TEAM = 5DG8PLV54H;
				ENABLE_HARDENED_RUNTIME = NO;
				FRAMEWORK_SEARCH_PATHS = (
					"$(inherited)",
					"$(PROJECT_DIR)",
					"$(PROJECT_DIR)/Frameworks",
				);
				INFOPLIST_FILE = AGPMInjector/Info.plist;
				LD_RUNPATH_SEARCH_PATHS = "@loader_path/../Frameworks @executable_path/../Frameworks";
				MACOSX_DEPLOYMENT_TARGET = 10.12;
				MARKETING_VERSION = 2.8.9;
				PRODUCT_BUNDLE_IDENTIFIER = com.pavo.AGPMInjector;
				PRODUCT_NAME = "$(TARGET_NAME)";
				PROVISIONING_PROFILE_SPECIFIER = "";
				SWIFT_VERSION = 5.0;
			};
			name = Debug;
		};
		CF8D21EE21D722FE00C0A72D /* Release */ = {
			isa = XCBuildConfiguration;
			buildSettings = {
				ASSETCATALOG_COMPILER_APPICON_NAME = AppIcon;
				CODE_SIGN_ENTITLEMENTS = AGPMInjector/AGPMInjector.entitlements;
				CODE_SIGN_IDENTITY = "Mac Developer";
				CODE_SIGN_INJECT_BASE_ENTITLEMENTS = YES;
				CODE_SIGN_STYLE = Manual;
				COMBINE_HIDPI_IMAGES = YES;
				DEVELOPMENT_TEAM = 5DG8PLV54H;
				ENABLE_HARDENED_RUNTIME = NO;
				FRAMEWORK_SEARCH_PATHS = (
					"$(inherited)",
					"$(PROJECT_DIR)",
					"$(PROJECT_DIR)/Frameworks",
				);
				INFOPLIST_FILE = AGPMInjector/Info.plist;
				LD_RUNPATH_SEARCH_PATHS = "@loader_path/../Frameworks @executable_path/../Frameworks";
				MACOSX_DEPLOYMENT_TARGET = 10.12;
				MARKETING_VERSION = 2.8.9;
				MTL_ENABLE_DEBUG_INFO = NO;
				PRODUCT_BUNDLE_IDENTIFIER = com.pavo.AGPMInjector;
				PRODUCT_NAME = "$(TARGET_NAME)";
				PROVISIONING_PROFILE_SPECIFIER = "";
				SWIFT_VERSION = 5.0;
			};
			name = Release;
		};
/* End XCBuildConfiguration section */

/* Begin XCConfigurationList section */
		CF8D21D721D722FC00C0A72D /* Build configuration list for PBXProject "AGPMInjector" */ = {
			isa = XCConfigurationList;
			buildConfigurations = (
				CF8D21EA21D722FE00C0A72D /* Debug */,
				CF8D21EB21D722FE00C0A72D /* Release */,
			);
			defaultConfigurationIsVisible = 0;
			defaultConfigurationName = Release;
		};
		CF8D21EC21D722FE00C0A72D /* Build configuration list for PBXNativeTarget "AGPMInjector" */ = {
			isa = XCConfigurationList;
			buildConfigurations = (
				CF8D21ED21D722FE00C0A72D /* Debug */,
				CF8D21EE21D722FE00C0A72D /* Release */,
			);
			defaultConfigurationIsVisible = 0;
			defaultConfigurationName = Release;
		};
/* End XCConfigurationList section */
	};
	rootObject = CF8D21D421D722FC00C0A72D /* Project object */;
}
